
Microsoft Visual Studio Solution File, Format Version 12.00
# Visual Studio Version 16
VisualStudioVersion = 16.0.31702.278
MinimumVisualStudioVersion = 10.0.40219.1
Project("{FAE04EC0-301F-11D3-BF4B-00C04F79EFBC}") = "PDUserList", "PDUserList.csproj", "{02D0419C-1D58-4661-A4E0-A4FEBE6ACB29}"
EndProject
Global
	GlobalSection(SolutionConfigurationPlatforms) = preSolution
		Debug|Any CPU = Debug|Any CPU
		Release|Any CPU = Release|Any CPU
	EndGlobalSection
	GlobalSection(ProjectConfigurationPlatforms) = postSolution
		{02D0419C-1D58-4661-A4E0-A4FEBE6ACB29}.Debug|Any CPU.ActiveCfg = Debug|Any CPU
		{02D0419C-1D58-4661-A4E0-A4FEBE6ACB29}.Debug|Any CPU.Build.0 = Debug|Any CPU
		{02D0419C-1D58-4661-A4E0-A4FEBE6ACB29}.Release|Any CPU.ActiveCfg = Release|Any CPU
		{02D0419C-1D58-4661-A4E0-A4FEBE6ACB29}.Release|Any CPU.Build.0 = Release|Any CPU
	EndGlobalSection
	GlobalSection(SolutionProperties) = preSolution
		HideSolutionNode = FALSE
	EndGlobalSection
	GlobalSection(ExtensibilityGlobals) = postSolution
		SolutionGuid = {755EEC10-FC88-47A1-A86A-654896E127BF}
	EndGlobalSection
EndGlobal
